
Microsoft Visual Studio Solution File, Format Version 12.00
# Visual Studio 15
VisualStudioVersion = 15.0.27703.2035
MinimumVisualStudioVersion = 10.0.40219.1
Project("{9A19103F-16F7-4668-BE54-9A1E7A4F7556}") = "devoctomy.DFramework.Core", "devoctomy.DFramework.Core\devoctomy.DFramework.Core.csproj", "{BB8AAE9F-8CBE-4D3E-9EF9-5ECD844786D4}"
EndProject
Project("{9A19103F-16F7-4668-BE54-9A1E7A4F7556}") = "devoctomy.DFramework.Logging", "devoctomy.DFramework.Logging\devoctomy.DFramework.Logging.csproj", "{6A563E69-871F-476D-9971-70D613DCE05F}"
EndProject
Project("{2150E333-8FDC-42A3-9474-1A3956D46DE8}") = "Tests", "Tests", "{299DFC41-5588-4BF3-9C78-B3D31F02931D}"
EndProject
Project("{2150E333-8FDC-42A3-9474-1A3956D46DE8}") = "Common", "Common", "{EA58B069-18B7-4D87-95F0-791B7BEA1475}"
EndProject
Project("{9A19103F-16F7-4668-BE54-9A1E7A4F7556}") = "devoctomy.cachy.Framework", "devoctomy.cachy.Framework\devoctomy.cachy.Framework.csproj", "{B9F1767E-71A8-445A-816A-ECC161DC6832}"
EndProject
Project("{FAE04EC0-301F-11D3-BF4B-00C04F79EFBC}") = "devoctomy.cachy.Tests", "devoctomy.cachy.Framework.Tests\devoctomy.cachy.Tests.csproj", "{1C937BC8-75D1-4FD1-933B-169D9117247D}"
EndProject
Project("{9A19103F-16F7-4668-BE54-9A1E7A4F7556}") = "cachy", "cachy\cachy\cachy.csproj", "{B1EA728B-208E-4421-8593-A4E8618A2264}"
EndProject
Project("{FAE04EC0-301F-11D3-BF4B-00C04F79EFBC}") = "cachy.UWP", "cachy\cachy.UWP\cachy.UWP.csproj", "{1D13B07F-2D73-456B-ADAF-7D6C706B740D}"
EndProject
Project("{FAE04EC0-301F-11D3-BF4B-00C04F79EFBC}") = "cachy.Android", "cachy\cachy.Android\cachy.Android.csproj", "{5AF14B63-1032-4276-BCE3-C84195FAAC50}"
EndProject
Project("{9A19103F-16F7-4668-BE54-9A1E7A4F7556}") = "cachywebfunctions", "cachywebfunctions\cachywebfunctions.csproj", "{775A1208-406D-4296-9610-6B26EFF5A932}"
EndProject
Project("{FAE04EC0-301F-11D3-BF4B-00C04F79EFBC}") = "devoctomy.cachy.Build", "devoctomy.cachy.Build\devoctomy.cachy.Build.csproj", "{1632FF4B-40A1-4194-8420-CA55A626AA8F}"
EndProject
Global
	GlobalSection(SolutionConfigurationPlatforms) = preSolution
		Debug|Any CPU = Debug|Any CPU
		Debug|ARM = Debug|ARM
		Debug|ARM64 = Debug|ARM64
		Debug|x64 = Debug|x64
		Debug|x86 = Debug|x86
		Release|Any CPU = Release|Any CPU
		Release|ARM = Release|ARM
		Release|ARM64 = Release|ARM64
		Release|x64 = Release|x64
		Release|x86 = Release|x86
	EndGlobalSection
	GlobalSection(ProjectConfigurationPlatforms) = postSolution
		{BB8AAE9F-8CBE-4D3E-9EF9-5ECD844786D4}.Debug|Any CPU.ActiveCfg = Debug|Any CPU
		{BB8AAE9F-8CBE-4D3E-9EF9-5ECD844786D4}.Debug|Any CPU.Build.0 = Debug|Any CPU
		{BB8AAE9F-8CBE-4D3E-9EF9-5ECD844786D4}.Debug|ARM.ActiveCfg = Debug|Any CPU
		{BB8AAE9F-8CBE-4D3E-9EF9-5ECD844786D4}.Debug|ARM.Build.0 = Debug|Any CPU
		{BB8AAE9F-8CBE-4D3E-9EF9-5ECD844786D4}.Debug|ARM64.ActiveCfg = Debug|Any CPU
		{BB8AAE9F-8CBE-4D3E-9EF9-5ECD844786D4}.Debug|ARM64.Build.0 = Debug|Any CPU
		{BB8AAE9F-8CBE-4D3E-9EF9-5ECD844786D4}.Debug|x64.ActiveCfg = Debug|Any CPU
		{BB8AAE9F-8CBE-4D3E-9EF9-5ECD844786D4}.Debug|x64.Build.0 = Debug|Any CPU
		{BB8AAE9F-8CBE-4D3E-9EF9-5ECD844786D4}.Debug|x86.ActiveCfg = Debug|Any CPU
		{BB8AAE9F-8CBE-4D3E-9EF9-5ECD844786D4}.Debug|x86.Build.0 = Debug|Any CPU
		{BB8AAE9F-8CBE-4D3E-9EF9-5ECD844786D4}.Release|Any CPU.ActiveCfg = Release|Any CPU
		{BB8AAE9F-8CBE-4D3E-9EF9-5ECD844786D4}.Release|Any CPU.Build.0 = Release|Any CPU
		{BB8AAE9F-8CBE-4D3E-9EF9-5ECD844786D4}.Release|ARM.ActiveCfg = Release|Any CPU
		{BB8AAE9F-8CBE-4D3E-9EF9-5ECD844786D4}.Release|ARM.Build.0 = Release|Any CPU
		{BB8AAE9F-8CBE-4D3E-9EF9-5ECD844786D4}.Release|ARM64.ActiveCfg = Release|Any CPU
		{BB8AAE9F-8CBE-4D3E-9EF9-5ECD844786D4}.Release|ARM64.Build.0 = Release|Any CPU
		{BB8AAE9F-8CBE-4D3E-9EF9-5ECD844786D4}.Release|x64.ActiveCfg = Release|Any CPU
		{BB8AAE9F-8CBE-4D3E-9EF9-5ECD844786D4}.Release|x64.Build.0 = Release|Any CPU
		{BB8AAE9F-8CBE-4D3E-9EF9-5ECD844786D4}.Release|x86.ActiveCfg = Release|Any CPU
		{BB8AAE9F-8CBE-4D3E-9EF9-5ECD844786D4}.Release|x86.Build.0 = Release|Any CPU
		{6A563E69-871F-476D-9971-70D613DCE05F}.Debug|Any CPU.ActiveCfg = Debug|Any CPU
		{6A563E69-871F-476D-9971-70D613DCE05F}.Debug|Any CPU.Build.0 = Debug|Any CPU
		{6A563E69-871F-476D-9971-70D613DCE05F}.Debug|ARM.ActiveCfg = Debug|Any CPU
		{6A563E69-871F-476D-9971-70D613DCE05F}.Debug|ARM.Build.0 = Debug|Any CPU
		{6A563E69-871F-476D-9971-70D613DCE05F}.Debug|ARM64.ActiveCfg = Debug|Any CPU
		{6A563E69-871F-476D-9971-70D613DCE05F}.Debug|ARM64.Build.0 = Debug|Any CPU
		{6A563E69-871F-476D-9971-70D613DCE05F}.Debug|x64.ActiveCfg = Debug|Any CPU
		{6A563E69-871F-476D-9971-70D613DCE05F}.Debug|x64.Build.0 = Debug|Any CPU
		{6A563E69-871F-476D-9971-70D613DCE05F}.Debug|x86.ActiveCfg = Debug|Any CPU
		{6A563E69-871F-476D-9971-70D613DCE05F}.Debug|x86.Build.0 = Debug|Any CPU
		{6A563E69-871F-476D-9971-70D613DCE05F}.Release|Any CPU.ActiveCfg = Release|Any CPU
		{6A563E69-871F-476D-9971-70D613DCE05F}.Release|Any CPU.Build.0 = Release|Any CPU
		{6A563E69-871F-476D-9971-70D613DCE05F}.Release|ARM.ActiveCfg = Release|Any CPU
		{6A563E69-871F-476D-9971-70D613DCE05F}.Release|ARM.Build.0 = Release|Any CPU
		{6A563E69-871F-476D-9971-70D613DCE05F}.Release|ARM64.ActiveCfg = Release|Any CPU
		{6A563E69-871F-476D-9971-70D613DCE05F}.Release|ARM64.Build.0 = Release|Any CPU
		{6A563E69-871F-476D-9971-70D613DCE05F}.Release|x64.ActiveCfg = Release|Any CPU
		{6A563E69-871F-476D-9971-70D613DCE05F}.Release|x64.Build.0 = Release|Any CPU
		{6A563E69-871F-476D-9971-70D613DCE05F}.Release|x86.ActiveCfg = Release|Any CPU
		{6A563E69-871F-476D-9971-70D613DCE05F}.Release|x86.Build.0 = Release|Any CPU
		{B9F1767E-71A8-445A-816A-ECC161DC6832}.Debug|Any CPU.ActiveCfg = Debug|Any CPU
		{B9F1767E-71A8-445A-816A-ECC161DC6832}.Debug|Any CPU.Build.0 = Debug|Any CPU
		{B9F1767E-71A8-445A-816A-ECC161DC6832}.Debug|ARM.ActiveCfg = Debug|Any CPU
		{B9F1767E-71A8-445A-816A-ECC161DC6832}.Debug|ARM.Build.0 = Debug|Any CPU
		{B9F1767E-71A8-445A-816A-ECC161DC6832}.Debug|ARM64.ActiveCfg = Debug|Any CPU
		{B9F1767E-71A8-445A-816A-ECC161DC6832}.Debug|ARM64.Build.0 = Debug|Any CPU
		{B9F1767E-71A8-445A-816A-ECC161DC6832}.Debug|x64.ActiveCfg = Debug|Any CPU
		{B9F1767E-71A8-445A-816A-ECC161DC6832}.Debug|x64.Build.0 = Debug|Any CPU
		{B9F1767E-71A8-445A-816A-ECC161DC6832}.Debug|x86.ActiveCfg = Debug|Any CPU
		{B9F1767E-71A8-445A-816A-ECC161DC6832}.Debug|x86.Build.0 = Debug|Any CPU
		{B9F1767E-71A8-445A-816A-ECC161DC6832}.Release|Any CPU.ActiveCfg = Release|Any CPU
		{B9F1767E-71A8-445A-816A-ECC161DC6832}.Release|Any CPU.Build.0 = Release|Any CPU
		{B9F1767E-71A8-445A-816A-ECC161DC6832}.Release|ARM.ActiveCfg = Release|Any CPU
		{B9F1767E-71A8-445A-816A-ECC161DC6832}.Release|ARM.Build.0 = Release|Any CPU
		{B9F1767E-71A8-445A-816A-ECC161DC6832}.Release|ARM64.ActiveCfg = Release|Any CPU
		{B9F1767E-71A8-445A-816A-ECC161DC6832}.Release|ARM64.Build.0 = Release|Any CPU
		{B9F1767E-71A8-445A-816A-ECC161DC6832}.Release|x64.ActiveCfg = Release|Any CPU
		{B9F1767E-71A8-445A-816A-ECC161DC6832}.Release|x64.Build.0 = Release|Any CPU
		{B9F1767E-71A8-445A-816A-ECC161DC6832}.Release|x86.ActiveCfg = Release|Any CPU
		{B9F1767E-71A8-445A-816A-ECC161DC6832}.Release|x86.Build.0 = Release|Any CPU
		{1C937BC8-75D1-4FD1-933B-169D9117247D}.Debug|Any CPU.ActiveCfg = Debug|Any CPU
		{1C937BC8-75D1-4FD1-933B-169D9117247D}.Debug|Any CPU.Build.0 = Debug|Any CPU
		{1C937BC8-75D1-4FD1-933B-169D9117247D}.Debug|ARM.ActiveCfg = Debug|Any CPU
		{1C937BC8-75D1-4FD1-933B-169D9117247D}.Debug|ARM.Build.0 = Debug|Any CPU
		{1C937BC8-75D1-4FD1-933B-169D9117247D}.Debug|ARM64.ActiveCfg = Debug|Any CPU
		{1C937BC8-75D1-4FD1-933B-169D9117247D}.Debug|ARM64.Build.0 = Debug|Any CPU
		{1C937BC8-75D1-4FD1-933B-169D9117247D}.Debug|x64.ActiveCfg = Debug|Any CPU
		{1C937BC8-75D1-4FD1-933B-169D9117247D}.Debug|x64.Build.0 = Debug|Any CPU
		{1C937BC8-75D1-4FD1-933B-169D9117247D}.Debug|x86.ActiveCfg = Debug|Any CPU
		{1C937BC8-75D1-4FD1-933B-169D9117247D}.Debug|x86.Build.0 = Debug|Any CPU
		{1C937BC8-75D1-4FD1-933B-169D9117247D}.Release|Any CPU.ActiveCfg = Release|Any CPU
		{1C937BC8-75D1-4FD1-933B-169D9117247D}.Release|Any CPU.Build.0 = Release|Any CPU
		{1C937BC8-75D1-4FD1-933B-169D9117247D}.Release|ARM.ActiveCfg = Release|Any CPU
		{1C937BC8-75D1-4FD1-933B-169D9117247D}.Release|ARM.Build.0 = Release|Any CPU
		{1C937BC8-75D1-4FD1-933B-169D9117247D}.Release|ARM64.ActiveCfg = Release|Any CPU
		{1C937BC8-75D1-4FD1-933B-169D9117247D}.Release|ARM64.Build.0 = Release|Any CPU
		{1C937BC8-75D1-4FD1-933B-169D9117247D}.Release|x64.ActiveCfg = Release|Any CPU
		{1C937BC8-75D1-4FD1-933B-169D9117247D}.Release|x64.Build.0 = Release|Any CPU
		{1C937BC8-75D1-4FD1-933B-169D9117247D}.Release|x86.ActiveCfg = Release|Any CPU
		{1C937BC8-75D1-4FD1-933B-169D9117247D}.Release|x86.Build.0 = Release|Any CPU
		{B1EA728B-208E-4421-8593-A4E8618A2264}.Debug|Any CPU.ActiveCfg = Debug|Any CPU
		{B1EA728B-208E-4421-8593-A4E8618A2264}.Debug|Any CPU.Build.0 = Debug|Any CPU
		{B1EA728B-208E-4421-8593-A4E8618A2264}.Debug|ARM.ActiveCfg = Debug|Any CPU
		{B1EA728B-208E-4421-8593-A4E8618A2264}.Debug|ARM.Build.0 = Debug|Any CPU
		{B1EA728B-208E-4421-8593-A4E8618A2264}.Debug|ARM64.ActiveCfg = Debug|Any CPU
		{B1EA728B-208E-4421-8593-A4E8618A2264}.Debug|ARM64.Build.0 = Debug|Any CPU
		{B1EA728B-208E-4421-8593-A4E8618A2264}.Debug|x64.ActiveCfg = Debug|Any CPU
		{B1EA728B-208E-4421-8593-A4E8618A2264}.Debug|x64.Build.0 = Debug|Any CPU
		{B1EA728B-208E-4421-8593-A4E8618A2264}.Debug|x86.ActiveCfg = Debug|Any CPU
		{B1EA728B-208E-4421-8593-A4E8618A2264}.Debug|x86.Build.0 = Debug|Any CPU
		{B1EA728B-208E-4421-8593-A4E8618A2264}.Release|Any CPU.ActiveCfg = Release|Any CPU
		{B1EA728B-208E-4421-8593-A4E8618A2264}.Release|Any CPU.Build.0 = Release|Any CPU
		{B1EA728B-208E-4421-8593-A4E8618A2264}.Release|ARM.ActiveCfg = Release|Any CPU
		{B1EA728B-208E-4421-8593-A4E8618A2264}.Release|ARM.Build.0 = Release|Any CPU
		{B1EA728B-208E-4421-8593-A4E8618A2264}.Release|ARM64.ActiveCfg = Release|Any CPU
		{B1EA728B-208E-4421-8593-A4E8618A2264}.Release|ARM64.Build.0 = Release|Any CPU
		{B1EA728B-208E-4421-8593-A4E8618A2264}.Release|x64.ActiveCfg = Release|Any CPU
		{B1EA728B-208E-4421-8593-A4E8618A2264}.Release|x64.Build.0 = Release|Any CPU
		{B1EA728B-208E-4421-8593-A4E8618A2264}.Release|x86.ActiveCfg = Release|Any CPU
		{B1EA728B-208E-4421-8593-A4E8618A2264}.Release|x86.Build.0 = Release|Any CPU
		{1D13B07F-2D73-456B-ADAF-7D6C706B740D}.Debug|Any CPU.ActiveCfg = Debug|x86
		{1D13B07F-2D73-456B-ADAF-7D6C706B740D}.Debug|Any CPU.Build.0 = Debug|x86
		{1D13B07F-2D73-456B-ADAF-7D6C706B740D}.Debug|ARM.ActiveCfg = Debug|ARM
		{1D13B07F-2D73-456B-ADAF-7D6C706B740D}.Debug|ARM.Build.0 = Debug|ARM
		{1D13B07F-2D73-456B-ADAF-7D6C706B740D}.Debug|ARM.Deploy.0 = Debug|ARM
		{1D13B07F-2D73-456B-ADAF-7D6C706B740D}.Debug|ARM64.ActiveCfg = Debug|x86
		{1D13B07F-2D73-456B-ADAF-7D6C706B740D}.Debug|x64.ActiveCfg = Debug|x64
		{1D13B07F-2D73-456B-ADAF-7D6C706B740D}.Debug|x64.Build.0 = Debug|x64
		{1D13B07F-2D73-456B-ADAF-7D6C706B740D}.Debug|x64.Deploy.0 = Debug|x64
		{1D13B07F-2D73-456B-ADAF-7D6C706B740D}.Debug|x86.ActiveCfg = Debug|x86
		{1D13B07F-2D73-456B-ADAF-7D6C706B740D}.Debug|x86.Build.0 = Debug|x86
		{1D13B07F-2D73-456B-ADAF-7D6C706B740D}.Debug|x86.Deploy.0 = Debug|x86
		{1D13B07F-2D73-456B-ADAF-7D6C706B740D}.Release|Any CPU.ActiveCfg = Release|x86
		{1D13B07F-2D73-456B-ADAF-7D6C706B740D}.Release|ARM.ActiveCfg = Release|ARM
		{1D13B07F-2D73-456B-ADAF-7D6C706B740D}.Release|ARM.Build.0 = Release|ARM
		{1D13B07F-2D73-456B-ADAF-7D6C706B740D}.Release|ARM.Deploy.0 = Release|ARM
		{1D13B07F-2D73-456B-ADAF-7D6C706B740D}.Release|ARM64.ActiveCfg = Release|x86
		{1D13B07F-2D73-456B-ADAF-7D6C706B740D}.Release|x64.ActiveCfg = Release|x64
		{1D13B07F-2D73-456B-ADAF-7D6C706B740D}.Release|x64.Build.0 = Release|x64
		{1D13B07F-2D73-456B-ADAF-7D6C706B740D}.Release|x64.Deploy.0 = Release|x64
		{1D13B07F-2D73-456B-ADAF-7D6C706B740D}.Release|x86.ActiveCfg = Release|x86
		{1D13B07F-2D73-456B-ADAF-7D6C706B740D}.Release|x86.Build.0 = Release|x86
		{1D13B07F-2D73-456B-ADAF-7D6C706B740D}.Release|x86.Deploy.0 = Release|x86
		{5AF14B63-1032-4276-BCE3-C84195FAAC50}.Debug|Any CPU.ActiveCfg = Debug|Any CPU
		{5AF14B63-1032-4276-BCE3-C84195FAAC50}.Debug|Any CPU.Build.0 = Debug|Any CPU
		{5AF14B63-1032-4276-BCE3-C84195FAAC50}.Debug|Any CPU.Deploy.0 = Debug|Any CPU
		{5AF14B63-1032-4276-BCE3-C84195FAAC50}.Debug|ARM.ActiveCfg = Debug|Any CPU
		{5AF14B63-1032-4276-BCE3-C84195FAAC50}.Debug|ARM.Build.0 = Debug|Any CPU
		{5AF14B63-1032-4276-BCE3-C84195FAAC50}.Debug|ARM.Deploy.0 = Debug|Any CPU
		{5AF14B63-1032-4276-BCE3-C84195FAAC50}.Debug|ARM64.ActiveCfg = Debug|Any CPU
		{5AF14B63-1032-4276-BCE3-C84195FAAC50}.Debug|ARM64.Build.0 = Debug|Any CPU
		{5AF14B63-1032-4276-BCE3-C84195FAAC50}.Debug|ARM64.Deploy.0 = Debug|Any CPU
		{5AF14B63-1032-4276-BCE3-C84195FAAC50}.Debug|x64.ActiveCfg = Debug|Any CPU
		{5AF14B63-1032-4276-BCE3-C84195FAAC50}.Debug|x64.Build.0 = Debug|Any CPU
		{5AF14B63-1032-4276-BCE3-C84195FAAC50}.Debug|x64.Deploy.0 = Debug|Any CPU
		{5AF14B63-1032-4276-BCE3-C84195FAAC50}.Debug|x86.ActiveCfg = Debug|Any CPU
		{5AF14B63-1032-4276-BCE3-C84195FAAC50}.Debug|x86.Build.0 = Debug|Any CPU
		{5AF14B63-1032-4276-BCE3-C84195FAAC50}.Debug|x86.Deploy.0 = Debug|Any CPU
		{5AF14B63-1032-4276-BCE3-C84195FAAC50}.Release|Any CPU.ActiveCfg = Release|Any CPU
		{5AF14B63-1032-4276-BCE3-C84195FAAC50}.Release|Any CPU.Build.0 = Release|Any CPU
		{5AF14B63-1032-4276-BCE3-C84195FAAC50}.Release|Any CPU.Deploy.0 = Release|Any CPU
		{5AF14B63-1032-4276-BCE3-C84195FAAC50}.Release|ARM.ActiveCfg = Release|Any CPU
		{5AF14B63-1032-4276-BCE3-C84195FAAC50}.Release|ARM.Build.0 = Release|Any CPU
		{5AF14B63-1032-4276-BCE3-C84195FAAC50}.Release|ARM.Deploy.0 = Release|Any CPU
		{5AF14B63-1032-4276-BCE3-C84195FAAC50}.Release|ARM64.ActiveCfg = Release|Any CPU
		{5AF14B63-1032-4276-BCE3-C84195FAAC50}.Release|ARM64.Build.0 = Release|Any CPU
		{5AF14B63-1032-4276-BCE3-C84195FAAC50}.Release|ARM64.Deploy.0 = Release|Any CPU
		{5AF14B63-1032-4276-BCE3-C84195FAAC50}.Release|x64.ActiveCfg = Release|Any CPU
		{5AF14B63-1032-4276-BCE3-C84195FAAC50}.Release|x64.Build.0 = Release|Any CPU
		{5AF14B63-1032-4276-BCE3-C84195FAAC50}.Release|x64.Deploy.0 = Release|Any CPU
		{5AF14B63-1032-4276-BCE3-C84195FAAC50}.Release|x86.ActiveCfg = Release|Any CPU
		{5AF14B63-1032-4276-BCE3-C84195FAAC50}.Release|x86.Build.0 = Release|Any CPU
		{5AF14B63-1032-4276-BCE3-C84195FAAC50}.Release|x86.Deploy.0 = Release|Any CPU
		{775A1208-406D-4296-9610-6B26EFF5A932}.Debug|Any CPU.ActiveCfg = Debug|Any CPU
		{775A1208-406D-4296-9610-6B26EFF5A932}.Debug|Any CPU.Build.0 = Debug|Any CPU
		{775A1208-406D-4296-9610-6B26EFF5A932}.Debug|ARM.ActiveCfg = Debug|Any CPU
		{775A1208-406D-4296-9610-6B26EFF5A932}.Debug|ARM.Build.0 = Debug|Any CPU
		{775A1208-406D-4296-9610-6B26EFF5A932}.Debug|ARM64.ActiveCfg = Debug|Any CPU
		{775A1208-406D-4296-9610-6B26EFF5A932}.Debug|ARM64.Build.0 = Debug|Any CPU
		{775A1208-406D-4296-9610-6B26EFF5A932}.Debug|x64.ActiveCfg = Debug|Any CPU
		{775A1208-406D-4296-9610-6B26EFF5A932}.Debug|x64.Build.0 = Debug|Any CPU
		{775A1208-406D-4296-9610-6B26EFF5A932}.Debug|x86.ActiveCfg = Debug|Any CPU
		{775A1208-406D-4296-9610-6B26EFF5A932}.Debug|x86.Build.0 = Debug|Any CPU
		{775A1208-406D-4296-9610-6B26EFF5A932}.Release|Any CPU.ActiveCfg = Release|Any CPU
		{775A1208-406D-4296-9610-6B26EFF5A932}.Release|Any CPU.Build.0 = Release|Any CPU
		{775A1208-406D-4296-9610-6B26EFF5A932}.Release|ARM.ActiveCfg = Release|Any CPU
		{775A1208-406D-4296-9610-6B26EFF5A932}.Release|ARM.Build.0 = Release|Any CPU
		{775A1208-406D-4296-9610-6B26EFF5A932}.Release|ARM64.ActiveCfg = Release|Any CPU
		{775A1208-406D-4296-9610-6B26EFF5A932}.Release|ARM64.Build.0 = Release|Any CPU
		{775A1208-406D-4296-9610-6B26EFF5A932}.Release|x64.ActiveCfg = Release|Any CPU
		{775A1208-406D-4296-9610-6B26EFF5A932}.Release|x64.Build.0 = Release|Any CPU
		{775A1208-406D-4296-9610-6B26EFF5A932}.Release|x86.ActiveCfg = Release|Any CPU
		{775A1208-406D-4296-9610-6B26EFF5A932}.Release|x86.Build.0 = Release|Any CPU
		{1632FF4B-40A1-4194-8420-CA55A626AA8F}.Debug|Any CPU.ActiveCfg = Debug|Any CPU
		{1632FF4B-40A1-4194-8420-CA55A626AA8F}.Debug|Any CPU.Build.0 = Debug|Any CPU
		{1632FF4B-40A1-4194-8420-CA55A626AA8F}.Debug|ARM.ActiveCfg = Debug|Any CPU
		{1632FF4B-40A1-4194-8420-CA55A626AA8F}.Debug|ARM.Build.0 = Debug|Any CPU
		{1632FF4B-40A1-4194-8420-CA55A626AA8F}.Debug|ARM64.ActiveCfg = Debug|Any CPU
		{1632FF4B-40A1-4194-8420-CA55A626AA8F}.Debug|ARM64.Build.0 = Debug|Any CPU
		{1632FF4B-40A1-4194-8420-CA55A626AA8F}.Debug|x64.ActiveCfg = Debug|Any CPU
		{1632FF4B-40A1-4194-8420-CA55A626AA8F}.Debug|x64.Build.0 = Debug|Any CPU
		{1632FF4B-40A1-4194-8420-CA55A626AA8F}.Debug|x86.ActiveCfg = Debug|Any CPU
		{1632FF4B-40A1-4194-8420-CA55A626AA8F}.Debug|x86.Build.0 = Debug|Any CPU
		{1632FF4B-40A1-4194-8420-CA55A626AA8F}.Release|Any CPU.ActiveCfg = Release|Any CPU
		{1632FF4B-40A1-4194-8420-CA55A626AA8F}.Release|Any CPU.Build.0 = Release|Any CPU
		{1632FF4B-40A1-4194-8420-CA55A626AA8F}.Release|ARM.ActiveCfg = Release|Any CPU
		{1632FF4B-40A1-4194-8420-CA55A626AA8F}.Release|ARM.Build.0 = Release|Any CPU
		{1632FF4B-40A1-4194-8420-CA55A626AA8F}.Release|ARM64.ActiveCfg = Release|Any CPU
		{1632FF4B-40A1-4194-8420-CA55A626AA8F}.Release|ARM64.Build.0 = Release|Any CPU
		{1632FF4B-40A1-4194-8420-CA55A626AA8F}.Release|x64.ActiveCfg = Release|Any CPU
		{1632FF4B-40A1-4194-8420-CA55A626AA8F}.Release|x64.Build.0 = Release|Any CPU
		{1632FF4B-40A1-4194-8420-CA55A626AA8F}.Release|x86.ActiveCfg = Release|Any CPU
		{1632FF4B-40A1-4194-8420-CA55A626AA8F}.Release|x86.Build.0 = Release|Any CPU
	EndGlobalSection
	GlobalSection(SolutionProperties) = preSolution
		HideSolutionNode = FALSE
	EndGlobalSection
	GlobalSection(NestedProjects) = preSolution
		{BB8AAE9F-8CBE-4D3E-9EF9-5ECD844786D4} = {EA58B069-18B7-4D87-95F0-791B7BEA1475}
		{6A563E69-871F-476D-9971-70D613DCE05F} = {EA58B069-18B7-4D87-95F0-791B7BEA1475}
		{B9F1767E-71A8-445A-816A-ECC161DC6832} = {EA58B069-18B7-4D87-95F0-791B7BEA1475}
		{1C937BC8-75D1-4FD1-933B-169D9117247D} = {299DFC41-5588-4BF3-9C78-B3D31F02931D}
		{B1EA728B-208E-4421-8593-A4E8618A2264} = {EA58B069-18B7-4D87-95F0-791B7BEA1475}
		{1632FF4B-40A1-4194-8420-CA55A626AA8F} = {EA58B069-18B7-4D87-95F0-791B7BEA1475}
	EndGlobalSection
	GlobalSection(ExtensibilityGlobals) = postSolution
		SolutionGuid = {4BB53909-4863-4B1D-9C1E-D58916E23F5D}
	EndGlobalSection
	GlobalSection(TeamFoundationVersionControl) = preSolution
		SccNumberOfProjects = 10
		SccEnterpriseProvider = {4CA58AB2-18FA-4F8D-95D4-32DDF27D184C}
		SccTeamFoundationServer = https://devoctomy.visualstudio.com/defaultcollection
		SccLocalPath0 = .
		SccProjectUniqueName1 = devoctomy.DFramework.Core\\devoctomy.DFramework.Core.csproj
		SccProjectTopLevelParentUniqueName1 = cachy.sln
		SccProjectName1 = devoctomy.DFramework.Core
		SccLocalPath1 = devoctomy.DFramework.Core
		SccProjectUniqueName2 = devoctomy.DFramework.Logging\\devoctomy.DFramework.Logging.csproj
		SccProjectTopLevelParentUniqueName2 = cachy.sln
		SccProjectName2 = devoctomy.DFramework.Logging
		SccLocalPath2 = devoctomy.DFramework.Logging
		SccProjectUniqueName3 = devoctomy.cachy.Framework\\devoctomy.cachy.Framework.csproj
		SccProjectTopLevelParentUniqueName3 = cachy.sln
		SccProjectName3 = devoctomy.cachy.Framework
		SccLocalPath3 = devoctomy.cachy.Framework
		SccProjectUniqueName4 = devoctomy.cachy.Framework.Tests\\devoctomy.cachy.Tests.csproj
		SccProjectTopLevelParentUniqueName4 = cachy.sln
		SccProjectName4 = devoctomy.cachy.Framework.Tests
		SccLocalPath4 = devoctomy.cachy.Framework.Tests
		SccProjectUniqueName5 = cachy\\cachy\\cachy.csproj
		SccProjectTopLevelParentUniqueName5 = cachy.sln
		SccProjectName5 = cachy/cachy
		SccLocalPath5 = cachy\\cachy
		SccProjectUniqueName6 = cachy\\cachy.UWP\\cachy.UWP.csproj
		SccProjectName6 = cachy/cachy.UWP
		SccLocalPath6 = cachy\\cachy.UWP
		SccProjectUniqueName7 = cachy\\cachy.Android\\cachy.Android.csproj
		SccProjectName7 = cachy/cachy.Android
		SccLocalPath7 = cachy\\cachy.Android
		SccProjectUniqueName8 = cachywebfunctions\\cachywebfunctions.csproj
		SccProjectName8 = cachywebfunctions
		SccLocalPath8 = cachywebfunctions
		SccProjectUniqueName9 = devoctomy.cachy.Build\\devoctomy.cachy.Build.csproj
		SccProjectTopLevelParentUniqueName9 = cachy.sln
		SccProjectName9 = devoctomy.cachy.Build
		SccLocalPath9 = devoctomy.cachy.Build
	EndGlobalSection
EndGlobal
